
Microsoft Visual Studio Solution File, Format Version 12.00
# Visual Studio 14
VisualStudioVersion = 14.0.23107.0
MinimumVisualStudioVersion = 10.0.40219.1
Project("{FAE04EC0-301F-11D3-BF4B-00C04F79EFBC}") = "clip", "clip\clip.csproj", "{12327F18-C8A5-40B6-A7AF-034AA226834B}"
EndProject
Project("{FAE04EC0-301F-11D3-BF4B-00C04F79EFBC}") = "ClipboardDotNet", "ClipboardDotNet\ClipboardDotNet.csproj", "{63F8A28A-74E2-464D-9AFA-F578B403DB48}"
EndProject
Project("{FAE04EC0-301F-11D3-BF4B-00C04F79EFBC}") = "clp", "clp\clp.csproj", "{C90040C7-8A04-465A-9B70-478D64FD8AD2}"
EndProject
Project("{FAE04EC0-301F-11D3-BF4B-00C04F79EFBC}") = "clipper", "clipper\clipper.csproj", "{3E08E50A-CE3B-428A-846C-CDB533AC7742}"
EndProject
Global
	GlobalSection(SolutionConfigurationPlatforms) = preSolution
		Debug|Any CPU = Debug|Any CPU
		Release|Any CPU = Release|Any CPU
	EndGlobalSection
	GlobalSection(ProjectConfigurationPlatforms) = postSolution
		{12327F18-C8A5-40B6-A7AF-034AA226834B}.Debug|Any CPU.ActiveCfg = Debug|Any CPU
		{12327F18-C8A5-40B6-A7AF-034AA226834B}.Debug|Any CPU.Build.0 = Debug|Any CPU
		{12327F18-C8A5-40B6-A7AF-034AA226834B}.Release|Any CPU.ActiveCfg = Release|Any CPU
		{12327F18-C8A5-40B6-A7AF-034AA226834B}.Release|Any CPU.Build.0 = Release|Any CPU
		{63F8A28A-74E2-464D-9AFA-F578B403DB48}.Debug|Any CPU.ActiveCfg = Debug|Any CPU
		{63F8A28A-74E2-464D-9AFA-F578B403DB48}.Debug|Any CPU.Build.0 = Debug|Any CPU
		{63F8A28A-74E2-464D-9AFA-F578B403DB48}.Release|Any CPU.ActiveCfg = Release|Any CPU
		{63F8A28A-74E2-464D-9AFA-F578B403DB48}.Release|Any CPU.Build.0 = Release|Any CPU
		{C90040C7-8A04-465A-9B70-478D64FD8AD2}.Debug|Any CPU.ActiveCfg = Debug|Any CPU
		{C90040C7-8A04-465A-9B70-478D64FD8AD2}.Debug|Any CPU.Build.0 = Debug|Any CPU
		{C90040C7-8A04-465A-9B70-478D64FD8AD2}.Release|Any CPU.ActiveCfg = Release|Any CPU
		{C90040C7-8A04-465A-9B70-478D64FD8AD2}.Release|Any CPU.Build.0 = Release|Any CPU
		{3E08E50A-CE3B-428A-846C-CDB533AC7742}.Debug|Any CPU.ActiveCfg = Debug|Any CPU
		{3E08E50A-CE3B-428A-846C-CDB533AC7742}.Debug|Any CPU.Build.0 = Debug|Any CPU
		{3E08E50A-CE3B-428A-846C-CDB533AC7742}.Release|Any CPU.ActiveCfg = Release|Any CPU
		{3E08E50A-CE3B-428A-846C-CDB533AC7742}.Release|Any CPU.Build.0 = Release|Any CPU
	EndGlobalSection
	GlobalSection(SolutionProperties) = preSolution
		HideSolutionNode = FALSE
	EndGlobalSection
EndGlobal
